// !$*UTF8*$!
{
	archiveVersion = 1;
	classes = {
	};
	objectVersion = 46;
	objects = {

/* Begin PBXBuildFile section */
		C40CBF21140017BB0062B2DF /* FBDatabaseBase.rb in Resources */ = {isa = PBXBuildFile; fileRef = C40CBF20140017BB0062B2DF /* FBDatabaseBase.rb */; };
		C40CBF22140017BB0062B2DF /* FBDatabaseBase.rb in Resources */ = {isa = PBXBuildFile; fileRef = C40CBF20140017BB0062B2DF /* FBDatabaseBase.rb */; };
		C40CBF2614001D700062B2DF /* Message.rb in Resources */ = {isa = PBXBuildFile; fileRef = C40CBF2514001D700062B2DF /* Message.rb */; };
		C40CBF2714001D700062B2DF /* Message.rb in Resources */ = {isa = PBXBuildFile; fileRef = C40CBF2514001D700062B2DF /* Message.rb */; };
		C40CBF2914003BDB0062B2DF /* create_message_table.sql in Resources */ = {isa = PBXBuildFile; fileRef = C40CBF2814003BDB0062B2DF /* create_message_table.sql */; };
		C40CBF2A14003BDB0062B2DF /* create_message_table.sql in Resources */ = {isa = PBXBuildFile; fileRef = C40CBF2814003BDB0062B2DF /* create_message_table.sql */; };
		C40CBF2C1400BB530062B2DF /* Attachment.rb in Resources */ = {isa = PBXBuildFile; fileRef = C40CBF2B1400BB530062B2DF /* Attachment.rb */; };
		C40CBF2D1400BB530062B2DF /* Attachment.rb in Resources */ = {isa = PBXBuildFile; fileRef = C40CBF2B1400BB530062B2DF /* Attachment.rb */; };
		C40EA95E13F82CCF0049534A /* INAppStoreWindow.m in Sources */ = {isa = PBXBuildFile; fileRef = C40EA95D13F82CCF0049534A /* INAppStoreWindow.m */; };
		C40EA96513F8465B0049534A /* FRBWindow.m in Sources */ = {isa = PBXBuildFile; fileRef = C40EA96413F8465B0049534A /* FRBWindow.m */; };
		C40EA97613F86CEB0049534A /* INAppStoreWindow.m in Sources */ = {isa = PBXBuildFile; fileRef = C40EA95D13F82CCF0049534A /* INAppStoreWindow.m */; };
		C441F9F413FAB9310061C923 /* FBSidePanelTableRowView.m in Sources */ = {isa = PBXBuildFile; fileRef = C441F9F313FAB9310061C923 /* FBSidePanelTableRowView.m */; };
		C441F9F813FAB9610061C923 /* FBSidePanelTableRowView.rb in Resources */ = {isa = PBXBuildFile; fileRef = C441F9F713FAB9610061C923 /* FBSidePanelTableRowView.rb */; };
		C441F9F913FAB9610061C923 /* FBSidePanelTableRowView.rb in Resources */ = {isa = PBXBuildFile; fileRef = C441F9F713FAB9610061C923 /* FBSidePanelTableRowView.rb */; };
		C46BD8E113F972B400C75497 /* FBSidePanelViewController.rb in Resources */ = {isa = PBXBuildFile; fileRef = C46BD8E013F972B400C75497 /* FBSidePanelViewController.rb */; };
		C46BD8E213F972B400C75497 /* FBSidePanelViewController.rb in Resources */ = {isa = PBXBuildFile; fileRef = C46BD8E013F972B400C75497 /* FBSidePanelViewController.rb */; };
		C46BD8E513F9732200C75497 /* FBSidePanelView.xib in Resources */ = {isa = PBXBuildFile; fileRef = C46BD8E413F9732200C75497 /* FBSidePanelView.xib */; };
		C46BD8E613F9732200C75497 /* FBSidePanelView.xib in Resources */ = {isa = PBXBuildFile; fileRef = C46BD8E413F9732200C75497 /* FBSidePanelView.xib */; };
		C46BD8EA13F9737700C75497 /* FBSidePanelViewController.m in Sources */ = {isa = PBXBuildFile; fileRef = C46BD8E813F9737700C75497 /* FBSidePanelViewController.m */; };
		C46BD8F013F973D900C75497 /* FBSidePanelView.m in Sources */ = {isa = PBXBuildFile; fileRef = C46BD8EF13F973D900C75497 /* FBSidePanelView.m */; };
		C46BD8F313F973FC00C75497 /* FBSidePanelView.rb in Resources */ = {isa = PBXBuildFile; fileRef = C46BD8F213F973FC00C75497 /* FBSidePanelView.rb */; };
		C46BD8F413F973FC00C75497 /* FBSidePanelView.rb in Resources */ = {isa = PBXBuildFile; fileRef = C46BD8F213F973FC00C75497 /* FBSidePanelView.rb */; };
		C46BD8F613F97CE900C75497 /* FBSidePanelTableCellView.rb in Resources */ = {isa = PBXBuildFile; fileRef = C46BD8F513F97CE900C75497 /* FBSidePanelTableCellView.rb */; };
		C46BD8F713F97CE900C75497 /* FBSidePanelTableCellView.rb in Resources */ = {isa = PBXBuildFile; fileRef = C46BD8F513F97CE900C75497 /* FBSidePanelTableCellView.rb */; };
		C46BD8FA13F97D2700C75497 /* FBSidePanelTableCellView.m in Sources */ = {isa = PBXBuildFile; fileRef = C46BD8F913F97D2700C75497 /* FBSidePanelTableCellView.m */; };
		C480C43314036E050048F2C2 /* message.html.erb in Resources */ = {isa = PBXBuildFile; fileRef = C480C43214036E040048F2C2 /* message.html.erb */; };
		C480C43414036E050048F2C2 /* message.html.erb in Resources */ = {isa = PBXBuildFile; fileRef = C480C43214036E040048F2C2 /* message.html.erb */; };
		C480C43614036E1F0048F2C2 /* message.text.erb in Resources */ = {isa = PBXBuildFile; fileRef = C480C43514036E1F0048F2C2 /* message.text.erb */; };
		C480C43714036E1F0048F2C2 /* message.text.erb in Resources */ = {isa = PBXBuildFile; fileRef = C480C43514036E1F0048F2C2 /* message.text.erb */; };
		C480C439140375490048F2C2 /* _header.html.erb in Resources */ = {isa = PBXBuildFile; fileRef = C480C438140375490048F2C2 /* _header.html.erb */; };
		C480C43A140375490048F2C2 /* _header.html.erb in Resources */ = {isa = PBXBuildFile; fileRef = C480C438140375490048F2C2 /* _header.html.erb */; };
		C4A92C0113F8773800B6F4F4 /* FBToolbarView.rb in Resources */ = {isa = PBXBuildFile; fileRef = C4A92C0013F8773800B6F4F4 /* FBToolbarView.rb */; };
		C4A92C0213F8773800B6F4F4 /* FBToolbarView.rb in Resources */ = {isa = PBXBuildFile; fileRef = C4A92C0013F8773800B6F4F4 /* FBToolbarView.rb */; };
		C4A92C0613F8BACA00B6F4F4 /* FBToolbarView.m in Sources */ = {isa = PBXBuildFile; fileRef = C4A92C0513F8BACA00B6F4F4 /* FBToolbarView.m */; };
		C4A92C0913F8BAEF00B6F4F4 /* FBToolbarView.xib in Resources */ = {isa = PBXBuildFile; fileRef = C4A92C0813F8BAEF00B6F4F4 /* FBToolbarView.xib */; };
		C4A92C0A13F8BAEF00B6F4F4 /* FBToolbarView.xib in Resources */ = {isa = PBXBuildFile; fileRef = C4A92C0813F8BAEF00B6F4F4 /* FBToolbarView.xib */; };
		C4A92C0E13F8BB1C00B6F4F4 /* FBToolbarViewController.m in Sources */ = {isa = PBXBuildFile; fileRef = C4A92C0C13F8BB1C00B6F4F4 /* FBToolbarViewController.m */; };
		C4A92C1313F8BBA000B6F4F4 /* FBToolbarViewController.rb in Resources */ = {isa = PBXBuildFile; fileRef = C4A92C1213F8BBA000B6F4F4 /* FBToolbarViewController.rb */; };
		C4A92C1413F8BBA000B6F4F4 /* FBToolbarViewController.rb in Resources */ = {isa = PBXBuildFile; fileRef = C4A92C1213F8BBA000B6F4F4 /* FBToolbarViewController.rb */; };
		C4A92C1713F8CB4900B6F4F4 /* rotate_splitview_icon.tiff in Resources */ = {isa = PBXBuildFile; fileRef = C4A92C1613F8CB4900B6F4F4 /* rotate_splitview_icon.tiff */; };
		C4A92C1813F8CB4900B6F4F4 /* rotate_splitview_icon.tiff in Resources */ = {isa = PBXBuildFile; fileRef = C4A92C1613F8CB4900B6F4F4 /* rotate_splitview_icon.tiff */; };
		C4A92C1A13F8CB5B00B6F4F4 /* show_horizontal_split.tiff in Resources */ = {isa = PBXBuildFile; fileRef = C4A92C1913F8CB5B00B6F4F4 /* show_horizontal_split.tiff */; };
		C4A92C1B13F8CB5B00B6F4F4 /* show_horizontal_split.tiff in Resources */ = {isa = PBXBuildFile; fileRef = C4A92C1913F8CB5B00B6F4F4 /* show_horizontal_split.tiff */; };
		C4A92C1D13F8CB9F00B6F4F4 /* show_left_panel.png in Resources */ = {isa = PBXBuildFile; fileRef = C4A92C1C13F8CB9F00B6F4F4 /* show_left_panel.png */; };
		C4A92C1E13F8CB9F00B6F4F4 /* show_left_panel.png in Resources */ = {isa = PBXBuildFile; fileRef = C4A92C1C13F8CB9F00B6F4F4 /* show_left_panel.png */; };
		C4ADAAFC1405490200A43D2F /* jquery.js in Sources */ = {isa = PBXBuildFile; fileRef = C4ADAAFB1405490200A43D2F /* jquery.js */; };
		C4ADAB00140549AB00A43D2F /* application.js in Sources */ = {isa = PBXBuildFile; fileRef = C4ADAAFF140549AB00A43D2F /* application.js */; };
		C4ADAB051405610800A43D2F /* jquery.js in Resources */ = {isa = PBXBuildFile; fileRef = C4ADAAFB1405490200A43D2F /* jquery.js */; };
		C4ADAB061405610800A43D2F /* application.js in Resources */ = {isa = PBXBuildFile; fileRef = C4ADAAFF140549AB00A43D2F /* application.js */; };
		C4CCC3FC1404031C006EB689 /* style.css in Resources */ = {isa = PBXBuildFile; fileRef = C4CCC3FB1404031C006EB689 /* style.css */; };
		C4CCC3FD1404031C006EB689 /* style.css in Resources */ = {isa = PBXBuildFile; fileRef = C4CCC3FB1404031C006EB689 /* style.css */; };
		C4CCC40314041429006EB689 /* defaultdesktop.png in Resources */ = {isa = PBXBuildFile; fileRef = C4CCC40214041429006EB689 /* defaultdesktop.png */; };
		C4CCC40414041429006EB689 /* defaultdesktop.png in Resources */ = {isa = PBXBuildFile; fileRef = C4CCC40214041429006EB689 /* defaultdesktop.png */; };
		C4CCC4071404C27B006EB689 /* NSString+Additions.m in Sources */ = {isa = PBXBuildFile; fileRef = C4CCC4061404C27B006EB689 /* NSString+Additions.m */; };
		C4CCC4081404C27B006EB689 /* NSString+Additions.m in Sources */ = {isa = PBXBuildFile; fileRef = C4CCC4061404C27B006EB689 /* NSString+Additions.m */; };
		C4CCC40B1404C645006EB689 /* NSData+Additions.m in Sources */ = {isa = PBXBuildFile; fileRef = C4CCC40A1404C645006EB689 /* NSData+Additions.m */; };
		C4CCC40C1404C645006EB689 /* NSData+Additions.m in Sources */ = {isa = PBXBuildFile; fileRef = C4CCC40A1404C645006EB689 /* NSData+Additions.m */; };
		C4CCC40F1404C737006EB689 /* Base64Transcoder.c in Sources */ = {isa = PBXBuildFile; fileRef = C4CCC40D1404C737006EB689 /* Base64Transcoder.c */; };
		C4CCC4101404C737006EB689 /* Base64Transcoder.c in Sources */ = {isa = PBXBuildFile; fileRef = C4CCC40D1404C737006EB689 /* Base64Transcoder.c */; };
		C4CCC4151404C889006EB689 /* NSImage+Additions.m in Sources */ = {isa = PBXBuildFile; fileRef = C4CCC4141404C889006EB689 /* NSImage+Additions.m */; };
		C4CCC4161404C889006EB689 /* NSImage+Additions.m in Sources */ = {isa = PBXBuildFile; fileRef = C4CCC4141404C889006EB689 /* NSImage+Additions.m */; };
		C4D73B5613F6DAC7004D623E /* FRBSideView.rb in Resources */ = {isa = PBXBuildFile; fileRef = C4D73B5513F6DAC7004D623E /* FRBSideView.rb */; };
		C4D73B5713F6DAC7004D623E /* FRBSideView.rb in Resources */ = {isa = PBXBuildFile; fileRef = C4D73B5513F6DAC7004D623E /* FRBSideView.rb */; };
		C4EB176A13F5FE9700BFB45C /* Cocoa.framework in Frameworks */ = {isa = PBXBuildFile; fileRef = C4EB176913F5FE9700BFB45C /* Cocoa.framework */; };
		C4EB177513F5FE9800BFB45C /* InfoPlist.strings in Resources */ = {isa = PBXBuildFile; fileRef = C4EB177313F5FE9800BFB45C /* InfoPlist.strings */; };
		C4EB177713F5FE9800BFB45C /* main.m in Sources */ = {isa = PBXBuildFile; fileRef = C4EB177613F5FE9800BFB45C /* main.m */; };
		C4EB177C13F5FE9800BFB45C /* MainMenu.xib in Resources */ = {isa = PBXBuildFile; fileRef = C4EB177A13F5FE9800BFB45C /* MainMenu.xib */; };
		C4EB177F13F5FE9800BFB45C /* rb_main.rb in Resources */ = {isa = PBXBuildFile; fileRef = C4EB177E13F5FE9800BFB45C /* rb_main.rb */; };
		C4EB178113F5FE9800BFB45C /* AppDelegate.rb in Resources */ = {isa = PBXBuildFile; fileRef = C4EB178013F5FE9800BFB45C /* AppDelegate.rb */; };
		C4EB178F13F6006700BFB45C /* MacRuby.framework in Frameworks */ = {isa = PBXBuildFile; fileRef = C4EB178E13F6006700BFB45C /* MacRuby.framework */; };
		C4EB179213F6019000BFB45C /* WebKit.framework in Frameworks */ = {isa = PBXBuildFile; fileRef = C4EB179113F6019000BFB45C /* WebKit.framework */; };
		C4EB179613F6046400BFB45C /* AppController.rb in Resources */ = {isa = PBXBuildFile; fileRef = C4EB179513F6046400BFB45C /* AppController.rb */; };
		C4EB179D13F6074C00BFB45C /* AppController.m in Sources */ = {isa = PBXBuildFile; fileRef = C4EB179C13F6074C00BFB45C /* AppController.m */; };
		C4EB17A013F6077000BFB45C /* AppDelegate.m in Sources */ = {isa = PBXBuildFile; fileRef = C4EB179F13F6077000BFB45C /* AppDelegate.m */; };
		C4EB17A313F6089E00BFB45C /* main.m in Sources */ = {isa = PBXBuildFile; fileRef = C4EB177613F5FE9800BFB45C /* main.m */; };
		C4EB17A713F6089E00BFB45C /* WebKit.framework in Frameworks */ = {isa = PBXBuildFile; fileRef = C4EB179113F6019000BFB45C /* WebKit.framework */; };
		C4EB17A813F6089E00BFB45C /* MacRuby.framework in Frameworks */ = {isa = PBXBuildFile; fileRef = C4EB178E13F6006700BFB45C /* MacRuby.framework */; };
		C4EB17A913F6089E00BFB45C /* Cocoa.framework in Frameworks */ = {isa = PBXBuildFile; fileRef = C4EB176913F5FE9700BFB45C /* Cocoa.framework */; };
		C4EB17AB13F6089E00BFB45C /* InfoPlist.strings in Resources */ = {isa = PBXBuildFile; fileRef = C4EB177313F5FE9800BFB45C /* InfoPlist.strings */; };
		C4EB17AC13F6089E00BFB45C /* MainMenu.xib in Resources */ = {isa = PBXBuildFile; fileRef = C4EB177A13F5FE9800BFB45C /* MainMenu.xib */; };
		C4EB17AD13F6089E00BFB45C /* rb_main.rb in Resources */ = {isa = PBXBuildFile; fileRef = C4EB177E13F5FE9800BFB45C /* rb_main.rb */; };
		C4EB17AE13F6089E00BFB45C /* AppDelegate.rb in Resources */ = {isa = PBXBuildFile; fileRef = C4EB178013F5FE9800BFB45C /* AppDelegate.rb */; };
		C4EB17AF13F6089E00BFB45C /* AppController.rb in Resources */ = {isa = PBXBuildFile; fileRef = C4EB179513F6046400BFB45C /* AppController.rb */; };
/* End PBXBuildFile section */

/* Begin PBXContainerItemProxy section */
		C4EB176E13F5FE9700BFB45C /* PBXContainerItemProxy */ = {
			isa = PBXContainerItemProxy;
			containerPortal = C4EB175C13F5FE9700BFB45C /* Project object */;
			proxyType = 1;
			remoteGlobalIDString = C4EB176413F5FE9700BFB45C;
			remoteInfo = RailsMailPreview;
		};
/* End PBXContainerItemProxy section */

/* Begin PBXCopyFilesBuildPhase section */
		C4EB179313F6033F00BFB45C /* Copy Frameworks */ = {
			isa = PBXCopyFilesBuildPhase;
			buildActionMask = 2147483647;
			dstPath = "";
			dstSubfolderSpec = 10;
			files = (
			);
			name = "Copy Frameworks";
			runOnlyForDeploymentPostprocessing = 0;
		};
		C4EB17B013F6089E00BFB45C /* Copy Frameworks */ = {
			isa = PBXCopyFilesBuildPhase;
			buildActionMask = 2147483647;
			dstPath = "";
			dstSubfolderSpec = 10;
			files = (
			);
			name = "Copy Frameworks";
			runOnlyForDeploymentPostprocessing = 0;
		};
/* End PBXCopyFilesBuildPhase section */

/* Begin PBXFileReference section */
		C40CBF20140017BB0062B2DF /* FBDatabaseBase.rb */ = {isa = PBXFileReference; fileEncoding = 4; lastKnownFileType = text.script.ruby; path = FBDatabaseBase.rb; sourceTree = "<group>"; };
		C40CBF2514001D700062B2DF /* Message.rb */ = {isa = PBXFileReference; fileEncoding = 4; lastKnownFileType = text.script.ruby; path = Message.rb; sourceTree = "<group>"; };
		C40CBF2814003BDB0062B2DF /* create_message_table.sql */ = {isa = PBXFileReference; fileEncoding = 4; lastKnownFileType = text; path = create_message_table.sql; sourceTree = "<group>"; };
		C40CBF2B1400BB530062B2DF /* Attachment.rb */ = {isa = PBXFileReference; fileEncoding = 4; lastKnownFileType = text.script.ruby; path = Attachment.rb; sourceTree = "<group>"; };
		C40EA95C13F82CCF0049534A /* INAppStoreWindow.h */ = {isa = PBXFileReference; fileEncoding = 4; lastKnownFileType = sourcecode.c.h; path = INAppStoreWindow.h; sourceTree = "<group>"; };
		C40EA95D13F82CCF0049534A /* INAppStoreWindow.m */ = {isa = PBXFileReference; fileEncoding = 4; lastKnownFileType = sourcecode.c.objc; path = INAppStoreWindow.m; sourceTree = "<group>"; };
		C40EA96313F8465B0049534A /* FRBWindow.h */ = {isa = PBXFileReference; fileEncoding = 4; lastKnownFileType = sourcecode.c.h; path = FRBWindow.h; sourceTree = "<group>"; };
		C40EA96413F8465B0049534A /* FRBWindow.m */ = {isa = PBXFileReference; fileEncoding = 4; lastKnownFileType = sourcecode.c.objc; path = FRBWindow.m; sourceTree = "<group>"; };
		C441F9F213FAB9300061C923 /* FBSidePanelTableRowView.h */ = {isa = PBXFileReference; fileEncoding = 4; lastKnownFileType = sourcecode.c.h; path = FBSidePanelTableRowView.h; sourceTree = "<group>"; };
		C441F9F313FAB9310061C923 /* FBSidePanelTableRowView.m */ = {isa = PBXFileReference; fileEncoding = 4; lastKnownFileType = sourcecode.c.objc; path = FBSidePanelTableRowView.m; sourceTree = "<group>"; };
		C441F9F713FAB9610061C923 /* FBSidePanelTableRowView.rb */ = {isa = PBXFileReference; fileEncoding = 4; lastKnownFileType = text.script.ruby; path = FBSidePanelTableRowView.rb; sourceTree = "<group>"; };
		C46BD8E013F972B400C75497 /* FBSidePanelViewController.rb */ = {isa = PBXFileReference; fileEncoding = 4; lastKnownFileType = text.script.ruby; path = FBSidePanelViewController.rb; sourceTree = "<group>"; };
		C46BD8E413F9732200C75497 /* FBSidePanelView.xib */ = {isa = PBXFileReference; fileEncoding = 4; lastKnownFileType = file.xib; path = FBSidePanelView.xib; sourceTree = "<group>"; };
		C46BD8E713F9737700C75497 /* FBSidePanelViewController.h */ = {isa = PBXFileReference; fileEncoding = 4; lastKnownFileType = sourcecode.c.h; path = FBSidePanelViewController.h; sourceTree = "<group>"; };
		C46BD8E813F9737700C75497 /* FBSidePanelViewController.m */ = {isa = PBXFileReference; fileEncoding = 4; lastKnownFileType = sourcecode.c.objc; path = FBSidePanelViewController.m; sourceTree = "<group>"; };
		C46BD8EE13F973D900C75497 /* FBSidePanelView.h */ = {isa = PBXFileReference; fileEncoding = 4; lastKnownFileType = sourcecode.c.h; path = FBSidePanelView.h; sourceTree = "<group>"; };
		C46BD8EF13F973D900C75497 /* FBSidePanelView.m */ = {isa = PBXFileReference; fileEncoding = 4; lastKnownFileType = sourcecode.c.objc; path = FBSidePanelView.m; sourceTree = "<group>"; };
		C46BD8F213F973FC00C75497 /* FBSidePanelView.rb */ = {isa = PBXFileReference; fileEncoding = 4; lastKnownFileType = text.script.ruby; path = FBSidePanelView.rb; sourceTree = "<group>"; };
		C46BD8F513F97CE900C75497 /* FBSidePanelTableCellView.rb */ = {isa = PBXFileReference; fileEncoding = 4; lastKnownFileType = text.script.ruby; path = FBSidePanelTableCellView.rb; sourceTree = "<group>"; };
		C46BD8F813F97D2700C75497 /* FBSidePanelTableCellView.h */ = {isa = PBXFileReference; fileEncoding = 4; lastKnownFileType = sourcecode.c.h; path = FBSidePanelTableCellView.h; sourceTree = "<group>"; };
		C46BD8F913F97D2700C75497 /* FBSidePanelTableCellView.m */ = {isa = PBXFileReference; fileEncoding = 4; lastKnownFileType = sourcecode.c.objc; path = FBSidePanelTableCellView.m; sourceTree = "<group>"; };
		C480C43214036E040048F2C2 /* message.html.erb */ = {isa = PBXFileReference; fileEncoding = 4; lastKnownFileType = text; path = message.html.erb; sourceTree = "<group>"; };
		C480C43514036E1F0048F2C2 /* message.text.erb */ = {isa = PBXFileReference; fileEncoding = 4; lastKnownFileType = text; path = message.text.erb; sourceTree = "<group>"; };
		C480C438140375490048F2C2 /* _header.html.erb */ = {isa = PBXFileReference; fileEncoding = 4; lastKnownFileType = text; path = _header.html.erb; sourceTree = "<group>"; };
		C4A92C0013F8773800B6F4F4 /* FBToolbarView.rb */ = {isa = PBXFileReference; fileEncoding = 4; lastKnownFileType = text.script.ruby; path = FBToolbarView.rb; sourceTree = "<group>"; };
		C4A92C0413F8BACA00B6F4F4 /* FBToolbarView.h */ = {isa = PBXFileReference; fileEncoding = 4; lastKnownFileType = sourcecode.c.h; path = FBToolbarView.h; sourceTree = "<group>"; };
		C4A92C0513F8BACA00B6F4F4 /* FBToolbarView.m */ = {isa = PBXFileReference; fileEncoding = 4; lastKnownFileType = sourcecode.c.objc; path = FBToolbarView.m; sourceTree = "<group>"; };
		C4A92C0813F8BAEF00B6F4F4 /* FBToolbarView.xib */ = {isa = PBXFileReference; fileEncoding = 4; lastKnownFileType = file.xib; path = FBToolbarView.xib; sourceTree = "<group>"; };
		C4A92C0B13F8BB1C00B6F4F4 /* FBToolbarViewController.h */ = {isa = PBXFileReference; fileEncoding = 4; lastKnownFileType = sourcecode.c.h; path = FBToolbarViewController.h; sourceTree = "<group>"; };
		C4A92C0C13F8BB1C00B6F4F4 /* FBToolbarViewController.m */ = {isa = PBXFileReference; fileEncoding = 4; lastKnownFileType = sourcecode.c.objc; path = FBToolbarViewController.m; sourceTree = "<group>"; };
		C4A92C1213F8BBA000B6F4F4 /* FBToolbarViewController.rb */ = {isa = PBXFileReference; fileEncoding = 4; lastKnownFileType = text.script.ruby; path = FBToolbarViewController.rb; sourceTree = "<group>"; };
		C4A92C1613F8CB4900B6F4F4 /* rotate_splitview_icon.tiff */ = {isa = PBXFileReference; lastKnownFileType = image.tiff; name = rotate_splitview_icon.tiff; path = images/rotate_splitview_icon.tiff; sourceTree = "<group>"; };
		C4A92C1913F8CB5B00B6F4F4 /* show_horizontal_split.tiff */ = {isa = PBXFileReference; lastKnownFileType = image.tiff; name = show_horizontal_split.tiff; path = images/show_horizontal_split.tiff; sourceTree = "<group>"; };
		C4A92C1C13F8CB9F00B6F4F4 /* show_left_panel.png */ = {isa = PBXFileReference; lastKnownFileType = image.png; name = show_left_panel.png; path = images/show_left_panel.png; sourceTree = "<group>"; };
		C4ADAAFB1405490200A43D2F /* jquery.js */ = {isa = PBXFileReference; fileEncoding = 4; lastKnownFileType = sourcecode.javascript; path = jquery.js; sourceTree = "<group>"; };
		C4ADAAFF140549AB00A43D2F /* application.js */ = {isa = PBXFileReference; fileEncoding = 4; lastKnownFileType = sourcecode.javascript; path = application.js; sourceTree = "<group>"; };
		C4CCC3FB1404031C006EB689 /* style.css */ = {isa = PBXFileReference; fileEncoding = 4; lastKnownFileType = text.css; path = style.css; sourceTree = "<group>"; };
		C4CCC40214041429006EB689 /* defaultdesktop.png */ = {isa = PBXFileReference; lastKnownFileType = image.png; name = defaultdesktop.png; path = images/defaultdesktop.png; sourceTree = "<group>"; };
		C4CCC4051404C27B006EB689 /* NSString+Additions.h */ = {isa = PBXFileReference; fileEncoding = 4; lastKnownFileType = sourcecode.c.h; path = "NSString+Additions.h"; sourceTree = "<group>"; };
		C4CCC4061404C27B006EB689 /* NSString+Additions.m */ = {isa = PBXFileReference; fileEncoding = 4; lastKnownFileType = sourcecode.c.objc; path = "NSString+Additions.m"; sourceTree = "<group>"; };
		C4CCC4091404C645006EB689 /* NSData+Additions.h */ = {isa = PBXFileReference; fileEncoding = 4; lastKnownFileType = sourcecode.c.h; path = "NSData+Additions.h"; sourceTree = "<group>"; };
		C4CCC40A1404C645006EB689 /* NSData+Additions.m */ = {isa = PBXFileReference; fileEncoding = 4; lastKnownFileType = sourcecode.c.objc; path = "NSData+Additions.m"; sourceTree = "<group>"; };
		C4CCC40D1404C737006EB689 /* Base64Transcoder.c */ = {isa = PBXFileReference; fileEncoding = 4; lastKnownFileType = sourcecode.c.c; path = Base64Transcoder.c; sourceTree = "<group>"; };
		C4CCC40E1404C737006EB689 /* Base64Transcoder.h */ = {isa = PBXFileReference; fileEncoding = 4; lastKnownFileType = sourcecode.c.h; path = Base64Transcoder.h; sourceTree = "<group>"; };
		C4CCC4131404C889006EB689 /* NSImage+Additions.h */ = {isa = PBXFileReference; fileEncoding = 4; lastKnownFileType = sourcecode.c.h; path = "NSImage+Additions.h"; sourceTree = "<group>"; };
		C4CCC4141404C889006EB689 /* NSImage+Additions.m */ = {isa = PBXFileReference; fileEncoding = 4; lastKnownFileType = sourcecode.c.objc; path = "NSImage+Additions.m"; sourceTree = "<group>"; };
		C4D73B5513F6DAC7004D623E /* FRBSideView.rb */ = {isa = PBXFileReference; fileEncoding = 4; lastKnownFileType = text.script.ruby; path = FRBSideView.rb; sourceTree = "<group>"; };
		C4EB176513F5FE9700BFB45C /* RailsMailPreview.app */ = {isa = PBXFileReference; explicitFileType = wrapper.application; includeInIndex = 0; path = RailsMailPreview.app; sourceTree = BUILT_PRODUCTS_DIR; };
		C4EB176913F5FE9700BFB45C /* Cocoa.framework */ = {isa = PBXFileReference; lastKnownFileType = wrapper.framework; name = Cocoa.framework; path = System/Library/Frameworks/Cocoa.framework; sourceTree = SDKROOT; };
		C4EB177213F5FE9700BFB45C /* RailsMailPreview-Info.plist */ = {isa = PBXFileReference; lastKnownFileType = text.plist.xml; path = "RailsMailPreview-Info.plist"; sourceTree = "<group>"; };
		C4EB177413F5FE9800BFB45C /* en */ = {isa = PBXFileReference; lastKnownFileType = text.plist.strings; name = en; path = en.lproj/InfoPlist.strings; sourceTree = "<group>"; };
		C4EB177613F5FE9800BFB45C /* main.m */ = {isa = PBXFileReference; lastKnownFileType = sourcecode.c.objc; path = main.m; sourceTree = "<group>"; };
		C4EB177813F5FE9800BFB45C /* RailsMailPreview-Prefix.pch */ = {isa = PBXFileReference; lastKnownFileType = sourcecode.c.h; path = "RailsMailPreview-Prefix.pch"; sourceTree = "<group>"; };
		C4EB177B13F5FE9800BFB45C /* en */ = {isa = PBXFileReference; lastKnownFileType = file.xib; name = en; path = en.lproj/MainMenu.xib; sourceTree = "<group>"; };
		C4EB177E13F5FE9800BFB45C /* rb_main.rb */ = {isa = PBXFileReference; lastKnownFileType = text.script.ruby; path = rb_main.rb; sourceTree = "<group>"; };
		C4EB178013F5FE9800BFB45C /* AppDelegate.rb */ = {isa = PBXFileReference; lastKnownFileType = text.script.ruby; path = AppDelegate.rb; sourceTree = "<group>"; };
		C4EB178E13F6006700BFB45C /* MacRuby.framework */ = {isa = PBXFileReference; lastKnownFileType = wrapper.framework; name = MacRuby.framework; path = Library/Frameworks/MacRuby.framework; sourceTree = SDKROOT; };
		C4EB179113F6019000BFB45C /* WebKit.framework */ = {isa = PBXFileReference; lastKnownFileType = wrapper.framework; name = WebKit.framework; path = System/Library/Frameworks/WebKit.framework; sourceTree = SDKROOT; };
		C4EB179513F6046400BFB45C /* AppController.rb */ = {isa = PBXFileReference; fileEncoding = 4; lastKnownFileType = text.script.ruby; path = AppController.rb; sourceTree = "<group>"; };
		C4EB179B13F6074C00BFB45C /* AppController.h */ = {isa = PBXFileReference; fileEncoding = 4; lastKnownFileType = sourcecode.c.h; path = AppController.h; sourceTree = "<group>"; };
		C4EB179C13F6074C00BFB45C /* AppController.m */ = {isa = PBXFileReference; fileEncoding = 4; lastKnownFileType = sourcecode.c.objc; path = AppController.m; sourceTree = "<group>"; };
		C4EB179E13F6077000BFB45C /* AppDelegate.h */ = {isa = PBXFileReference; fileEncoding = 4; lastKnownFileType = sourcecode.c.h; path = AppDelegate.h; sourceTree = "<group>"; };
		C4EB179F13F6077000BFB45C /* AppDelegate.m */ = {isa = PBXFileReference; fileEncoding = 4; lastKnownFileType = sourcecode.c.objc; path = AppDelegate.m; sourceTree = "<group>"; };
		C4EB17B513F6089E00BFB45C /* RailsMailPreview.app */ = {isa = PBXFileReference; explicitFileType = wrapper.application; includeInIndex = 0; path = RailsMailPreview.app; sourceTree = BUILT_PRODUCTS_DIR; };
		C4EB17B713F6089F00BFB45C /* RailsMailPreview copy-Info.plist */ = {isa = PBXFileReference; lastKnownFileType = text.plist.xml; name = "RailsMailPreview copy-Info.plist"; path = "/Users/fernyb/cocoa/RailsMailPreview/RailsMailPreview copy-Info.plist"; sourceTree = "<absolute>"; };
/* End PBXFileReference section */

/* Begin PBXFrameworksBuildPhase section */
		C4EB176213F5FE9700BFB45C /* Frameworks */ = {
			isa = PBXFrameworksBuildPhase;
			buildActionMask = 2147483647;
			files = (
				C4EB179213F6019000BFB45C /* WebKit.framework in Frameworks */,
				C4EB178F13F6006700BFB45C /* MacRuby.framework in Frameworks */,
				C4EB176A13F5FE9700BFB45C /* Cocoa.framework in Frameworks */,
			);
			runOnlyForDeploymentPostprocessing = 0;
		};
		C4EB17A613F6089E00BFB45C /* Frameworks */ = {
			isa = PBXFrameworksBuildPhase;
			buildActionMask = 2147483647;
			files = (
				C4EB17A713F6089E00BFB45C /* WebKit.framework in Frameworks */,
				C4EB17A813F6089E00BFB45C /* MacRuby.framework in Frameworks */,
				C4EB17A913F6089E00BFB45C /* Cocoa.framework in Frameworks */,
			);
			runOnlyForDeploymentPostprocessing = 0;
		};
/* End PBXFrameworksBuildPhase section */

/* Begin PBXGroup section */
		C4A92C1513F8CB3200B6F4F4 /* icons */ = {
			isa = PBXGroup;
			children = (
				C4A92C1C13F8CB9F00B6F4F4 /* show_left_panel.png */,
				C4A92C1913F8CB5B00B6F4F4 /* show_horizontal_split.tiff */,
				C4A92C1613F8CB4900B6F4F4 /* rotate_splitview_icon.tiff */,
			);
			name = icons;
			sourceTree = "<group>";
		};
		C4CCC4121404C85F006EB689 /* Categories */ = {
			isa = PBXGroup;
			children = (
				C4CCC40D1404C737006EB689 /* Base64Transcoder.c */,
				C4CCC40E1404C737006EB689 /* Base64Transcoder.h */,
				C4CCC4091404C645006EB689 /* NSData+Additions.h */,
				C4CCC40A1404C645006EB689 /* NSData+Additions.m */,
				C4CCC4051404C27B006EB689 /* NSString+Additions.h */,
				C4CCC4061404C27B006EB689 /* NSString+Additions.m */,
				C4CCC4131404C889006EB689 /* NSImage+Additions.h */,
				C4CCC4141404C889006EB689 /* NSImage+Additions.m */,
			);
			name = Categories;
			sourceTree = "<group>";
		};
		C4EB175A13F5FE9700BFB45C = {
			isa = PBXGroup;
			children = (
				C4EB179113F6019000BFB45C /* WebKit.framework */,
				C4EB177013F5FE9700BFB45C /* RailsMailPreview */,
				C4EB176813F5FE9700BFB45C /* Frameworks */,
				C4EB176613F5FE9700BFB45C /* Products */,
				C4EB17B713F6089F00BFB45C /* RailsMailPreview copy-Info.plist */,
			);
			sourceTree = "<group>";
		};
		C4EB176613F5FE9700BFB45C /* Products */ = {
			isa = PBXGroup;
			children = (
				C4EB176513F5FE9700BFB45C /* RailsMailPreview.app */,
				C4EB17B513F6089E00BFB45C /* RailsMailPreview.app */,
			);
			name = Products;
			sourceTree = "<group>";
		};
		C4EB176813F5FE9700BFB45C /* Frameworks */ = {
			isa = PBXGroup;
			children = (
				C4EB178E13F6006700BFB45C /* MacRuby.framework */,
				C4EB176913F5FE9700BFB45C /* Cocoa.framework */,
			);
			name = Frameworks;
			sourceTree = "<group>";
		};
		C4EB177013F5FE9700BFB45C /* RailsMailPreview */ = {
			isa = PBXGroup;
			children = (
				C4CCC4121404C85F006EB689 /* Categories */,
				C40EA95C13F82CCF0049534A /* INAppStoreWindow.h */,
				C40EA95D13F82CCF0049534A /* INAppStoreWindow.m */,
				C4EB179713F6069300BFB45C /* Workaround Files */,
				C4EB178013F5FE9800BFB45C /* AppDelegate.rb */,
				C4EB179513F6046400BFB45C /* AppController.rb */,
				C4D73B5513F6DAC7004D623E /* FRBSideView.rb */,
				C4A92C1213F8BBA000B6F4F4 /* FBToolbarViewController.rb */,
				C4A92C0013F8773800B6F4F4 /* FBToolbarView.rb */,
				C46BD8E013F972B400C75497 /* FBSidePanelViewController.rb */,
				C46BD8F213F973FC00C75497 /* FBSidePanelView.rb */,
				C46BD8F513F97CE900C75497 /* FBSidePanelTableCellView.rb */,
				C441F9F713FAB9610061C923 /* FBSidePanelTableRowView.rb */,
				C4EB177913F5FE9800BFB45C /* Resources */,
				C4EB177D13F5FE9800BFB45C /* Other Sources */,
				C4EB177113F5FE9700BFB45C /* Supporting Files */,
				C40CBF20140017BB0062B2DF /* FBDatabaseBase.rb */,
				C40CBF2514001D700062B2DF /* Message.rb */,
				C40CBF2B1400BB530062B2DF /* Attachment.rb */,
			);
			path = RailsMailPreview;
			sourceTree = "<group>";
		};
		C4EB177113F5FE9700BFB45C /* Supporting Files */ = {
			isa = PBXGroup;
			children = (
				C4EB177213F5FE9700BFB45C /* RailsMailPreview-Info.plist */,
				C4EB177313F5FE9800BFB45C /* InfoPlist.strings */,
				C4EB177613F5FE9800BFB45C /* main.m */,
				C4EB177813F5FE9800BFB45C /* RailsMailPreview-Prefix.pch */,
			);
			name = "Supporting Files";
			sourceTree = "<group>";
		};
		C4EB177913F5FE9800BFB45C /* Resources */ = {
			isa = PBXGroup;
			children = (
				C4CCC40214041429006EB689 /* defaultdesktop.png */,
				C4A92C1513F8CB3200B6F4F4 /* icons */,
				C4EB177A13F5FE9800BFB45C /* MainMenu.xib */,
				C4A92C0813F8BAEF00B6F4F4 /* FBToolbarView.xib */,
				C46BD8E413F9732200C75497 /* FBSidePanelView.xib */,
				C40CBF2814003BDB0062B2DF /* create_message_table.sql */,
				C480C43214036E040048F2C2 /* message.html.erb */,
				C480C43514036E1F0048F2C2 /* message.text.erb */,
				C480C438140375490048F2C2 /* _header.html.erb */,
				C4CCC3FB1404031C006EB689 /* style.css */,
				C4ADAAFB1405490200A43D2F /* jquery.js */,
				C4ADAAFF140549AB00A43D2F /* application.js */,
			);
			name = Resources;
			sourceTree = "<group>";
		};
		C4EB177D13F5FE9800BFB45C /* Other Sources */ = {
			isa = PBXGroup;
			children = (
				C4EB177E13F5FE9800BFB45C /* rb_main.rb */,
			);
			name = "Other Sources";
			sourceTree = "<group>";
		};
		C4EB179713F6069300BFB45C /* Workaround Files */ = {
			isa = PBXGroup;
			children = (
				C4EB179B13F6074C00BFB45C /* AppController.h */,
				C4EB179C13F6074C00BFB45C /* AppController.m */,
				C4EB179E13F6077000BFB45C /* AppDelegate.h */,
				C4EB179F13F6077000BFB45C /* AppDelegate.m */,
				C40EA96313F8465B0049534A /* FRBWindow.h */,
				C40EA96413F8465B0049534A /* FRBWindow.m */,
				C4A92C0413F8BACA00B6F4F4 /* FBToolbarView.h */,
				C4A92C0513F8BACA00B6F4F4 /* FBToolbarView.m */,
				C4A92C0B13F8BB1C00B6F4F4 /* FBToolbarViewController.h */,
				C4A92C0C13F8BB1C00B6F4F4 /* FBToolbarViewController.m */,
				C46BD8E713F9737700C75497 /* FBSidePanelViewController.h */,
				C46BD8E813F9737700C75497 /* FBSidePanelViewController.m */,
				C46BD8EE13F973D900C75497 /* FBSidePanelView.h */,
				C46BD8EF13F973D900C75497 /* FBSidePanelView.m */,
				C46BD8F813F97D2700C75497 /* FBSidePanelTableCellView.h */,
				C46BD8F913F97D2700C75497 /* FBSidePanelTableCellView.m */,
				C441F9F213FAB9300061C923 /* FBSidePanelTableRowView.h */,
				C441F9F313FAB9310061C923 /* FBSidePanelTableRowView.m */,
			);
			name = "Workaround Files";
			sourceTree = "<group>";
		};
/* End PBXGroup section */

/* Begin PBXLegacyTarget section */
		C4EB176D13F5FE9700BFB45C /* Deployment */ = {
			isa = PBXLegacyTarget;
			buildArgumentsString = "--compile --embed";
			buildConfigurationList = C4EB178713F5FE9800BFB45C /* Build configuration list for PBXLegacyTarget "Deployment" */;
			buildPhases = (
			);
			buildToolPath = /usr/local/bin/macruby_deploy;
			dependencies = (
				C4EB176F13F5FE9700BFB45C /* PBXTargetDependency */,
			);
			name = Deployment;
			passBuildSettingsInEnvironment = 1;
			productName = Deployment;
		};
/* End PBXLegacyTarget section */

/* Begin PBXNativeTarget section */
		C4EB176413F5FE9700BFB45C /* RailsMailPreview */ = {
			isa = PBXNativeTarget;
			buildConfigurationList = C4EB178413F5FE9800BFB45C /* Build configuration list for PBXNativeTarget "RailsMailPreview" */;
			buildPhases = (
				C4EB176113F5FE9700BFB45C /* Sources */,
				C4EB176213F5FE9700BFB45C /* Frameworks */,
				C4EB176313F5FE9700BFB45C /* Resources */,
				C4EB179313F6033F00BFB45C /* Copy Frameworks */,
			);
			buildRules = (
			);
			dependencies = (
			);
			name = RailsMailPreview;
			productName = RailsMailPreview;
			productReference = C4EB176513F5FE9700BFB45C /* RailsMailPreview.app */;
			productType = "com.apple.product-type.application";
		};
		C4EB17A113F6089E00BFB45C /* Workaround */ = {
			isa = PBXNativeTarget;
			buildConfigurationList = C4EB17B213F6089E00BFB45C /* Build configuration list for PBXNativeTarget "Workaround" */;
			buildPhases = (
				C4EB17A213F6089E00BFB45C /* Sources */,
				C4EB17A613F6089E00BFB45C /* Frameworks */,
				C4EB17AA13F6089E00BFB45C /* Resources */,
				C4EB17B013F6089E00BFB45C /* Copy Frameworks */,
			);
			buildRules = (
			);
			dependencies = (
			);
			name = Workaround;
			productName = RailsMailPreview;
			productReference = C4EB17B513F6089E00BFB45C /* RailsMailPreview.app */;
			productType = "com.apple.product-type.application";
		};
/* End PBXNativeTarget section */

/* Begin PBXProject section */
		C4EB175C13F5FE9700BFB45C /* Project object */ = {
			isa = PBXProject;
			attributes = {
				ORGANIZATIONNAME = "Fernando Barajas";
			};
			buildConfigurationList = C4EB175F13F5FE9700BFB45C /* Build configuration list for PBXProject "RailsMailPreview" */;
			compatibilityVersion = "Xcode 3.2";
			developmentRegion = English;
			hasScannedForEncodings = 0;
			knownRegions = (
				en,
			);
			mainGroup = C4EB175A13F5FE9700BFB45C;
			productRefGroup = C4EB176613F5FE9700BFB45C /* Products */;
			projectDirPath = "";
			projectRoot = "";
			targets = (
				C4EB176413F5FE9700BFB45C /* RailsMailPreview */,
				C4EB176D13F5FE9700BFB45C /* Deployment */,
				C4EB17A113F6089E00BFB45C /* Workaround */,
			);
		};
/* End PBXProject section */

/* Begin PBXResourcesBuildPhase section */
		C4EB176313F5FE9700BFB45C /* Resources */ = {
			isa = PBXResourcesBuildPhase;
			buildActionMask = 2147483647;
			files = (
				C4EB177513F5FE9800BFB45C /* InfoPlist.strings in Resources */,
				C4EB177C13F5FE9800BFB45C /* MainMenu.xib in Resources */,
				C4EB177F13F5FE9800BFB45C /* rb_main.rb in Resources */,
				C4EB178113F5FE9800BFB45C /* AppDelegate.rb in Resources */,
				C4EB179613F6046400BFB45C /* AppController.rb in Resources */,
				C4D73B5613F6DAC7004D623E /* FRBSideView.rb in Resources */,
				C4A92C0113F8773800B6F4F4 /* FBToolbarView.rb in Resources */,
				C4A92C0913F8BAEF00B6F4F4 /* FBToolbarView.xib in Resources */,
				C4A92C1313F8BBA000B6F4F4 /* FBToolbarViewController.rb in Resources */,
				C4A92C1713F8CB4900B6F4F4 /* rotate_splitview_icon.tiff in Resources */,
				C4A92C1A13F8CB5B00B6F4F4 /* show_horizontal_split.tiff in Resources */,
				C4A92C1D13F8CB9F00B6F4F4 /* show_left_panel.png in Resources */,
				C46BD8E113F972B400C75497 /* FBSidePanelViewController.rb in Resources */,
				C46BD8E513F9732200C75497 /* FBSidePanelView.xib in Resources */,
				C46BD8F313F973FC00C75497 /* FBSidePanelView.rb in Resources */,
				C46BD8F613F97CE900C75497 /* FBSidePanelTableCellView.rb in Resources */,
				C441F9F813FAB9610061C923 /* FBSidePanelTableRowView.rb in Resources */,
				C40CBF21140017BB0062B2DF /* FBDatabaseBase.rb in Resources */,
				C40CBF2614001D700062B2DF /* Message.rb in Resources */,
				C40CBF2914003BDB0062B2DF /* create_message_table.sql in Resources */,
				C40CBF2C1400BB530062B2DF /* Attachment.rb in Resources */,
				C480C43314036E050048F2C2 /* message.html.erb in Resources */,
				C480C43614036E1F0048F2C2 /* message.text.erb in Resources */,
				C480C439140375490048F2C2 /* _header.html.erb in Resources */,
				C4CCC3FC1404031C006EB689 /* style.css in Resources */,
				C4CCC40314041429006EB689 /* defaultdesktop.png in Resources */,
			);
			runOnlyForDeploymentPostprocessing = 0;
		};
		C4EB17AA13F6089E00BFB45C /* Resources */ = {
			isa = PBXResourcesBuildPhase;
			buildActionMask = 2147483647;
			files = (
				C4ADAB051405610800A43D2F /* jquery.js in Resources */,
				C4ADAB061405610800A43D2F /* application.js in Resources */,
				C4EB17AB13F6089E00BFB45C /* InfoPlist.strings in Resources */,
				C4EB17AC13F6089E00BFB45C /* MainMenu.xib in Resources */,
				C4EB17AD13F6089E00BFB45C /* rb_main.rb in Resources */,
				C4EB17AE13F6089E00BFB45C /* AppDelegate.rb in Resources */,
				C4EB17AF13F6089E00BFB45C /* AppController.rb in Resources */,
				C4D73B5713F6DAC7004D623E /* FRBSideView.rb in Resources */,
				C4A92C0213F8773800B6F4F4 /* FBToolbarView.rb in Resources */,
				C4A92C0A13F8BAEF00B6F4F4 /* FBToolbarView.xib in Resources */,
				C4A92C1413F8BBA000B6F4F4 /* FBToolbarViewController.rb in Resources */,
				C4A92C1813F8CB4900B6F4F4 /* rotate_splitview_icon.tiff in Resources */,
				C4A92C1B13F8CB5B00B6F4F4 /* show_horizontal_split.tiff in Resources */,
				C4A92C1E13F8CB9F00B6F4F4 /* show_left_panel.png in Resources */,
				C46BD8E213F972B400C75497 /* FBSidePanelViewController.rb in Resources */,
				C46BD8E613F9732200C75497 /* FBSidePanelView.xib in Resources */,
				C46BD8F413F973FC00C75497 /* FBSidePanelView.rb in Resources */,
				C46BD8F713F97CE900C75497 /* FBSidePanelTableCellView.rb in Resources */,
				C441F9F913FAB9610061C923 /* FBSidePanelTableRowView.rb in Resources */,
				C40CBF22140017BB0062B2DF /* FBDatabaseBase.rb in Resources */,
				C40CBF2714001D700062B2DF /* Message.rb in Resources */,
				C40CBF2A14003BDB0062B2DF /* create_message_table.sql in Resources */,
				C40CBF2D1400BB530062B2DF /* Attachment.rb in Resources */,
				C480C43414036E050048F2C2 /* message.html.erb in Resources */,
				C480C43714036E1F0048F2C2 /* message.text.erb in Resources */,
				C480C43A140375490048F2C2 /* _header.html.erb in Resources */,
				C4CCC3FD1404031C006EB689 /* style.css in Resources */,
				C4CCC40414041429006EB689 /* defaultdesktop.png in Resources */,
			);
			runOnlyForDeploymentPostprocessing = 0;
		};
/* End PBXResourcesBuildPhase section */

/* Begin PBXSourcesBuildPhase section */
		C4EB176113F5FE9700BFB45C /* Sources */ = {
			isa = PBXSourcesBuildPhase;
			buildActionMask = 2147483647;
			files = (
				C4EB177713F5FE9800BFB45C /* main.m in Sources */,
				C4EB179D13F6074C00BFB45C /* AppController.m in Sources */,
				C4EB17A013F6077000BFB45C /* AppDelegate.m in Sources */,
				C40EA95E13F82CCF0049534A /* INAppStoreWindow.m in Sources */,
				C40EA96513F8465B0049534A /* FRBWindow.m in Sources */,
				C4A92C0613F8BACA00B6F4F4 /* FBToolbarView.m in Sources */,
				C4A92C0E13F8BB1C00B6F4F4 /* FBToolbarViewController.m in Sources */,
				C46BD8EA13F9737700C75497 /* FBSidePanelViewController.m in Sources */,
				C46BD8F013F973D900C75497 /* FBSidePanelView.m in Sources */,
				C46BD8FA13F97D2700C75497 /* FBSidePanelTableCellView.m in Sources */,
				C441F9F413FAB9310061C923 /* FBSidePanelTableRowView.m in Sources */,
				C4CCC4071404C27B006EB689 /* NSString+Additions.m in Sources */,
				C4CCC40B1404C645006EB689 /* NSData+Additions.m in Sources */,
				C4CCC40F1404C737006EB689 /* Base64Transcoder.c in Sources */,
				C4CCC4151404C889006EB689 /* NSImage+Additions.m in Sources */,
				C4ADAAFC1405490200A43D2F /* jquery.js in Sources */,
				C4ADAB00140549AB00A43D2F /* application.js in Sources */,
			);
			runOnlyForDeploymentPostprocessing = 0;
		};
		C4EB17A213F6089E00BFB45C /* Sources */ = {
			isa = PBXSourcesBuildPhase;
			buildActionMask = 2147483647;
			files = (
				C4EB17A313F6089E00BFB45C /* main.m in Sources */,
				C40EA97613F86CEB0049534A /* INAppStoreWindow.m in Sources */,
				C4CCC4081404C27B006EB689 /* NSString+Additions.m in Sources */,
				C4CCC40C1404C645006EB689 /* NSData+Additions.m in Sources */,
				C4CCC4101404C737006EB689 /* Base64Transcoder.c in Sources */,
				C4CCC4161404C889006EB689 /* NSImage+Additions.m in Sources */,
			);
			runOnlyForDeploymentPostprocessing = 0;
		};
/* End PBXSourcesBuildPhase section */

/* Begin PBXTargetDependency section */
		C4EB176F13F5FE9700BFB45C /* PBXTargetDependency */ = {
			isa = PBXTargetDependency;
			target = C4EB176413F5FE9700BFB45C /* RailsMailPreview */;
			targetProxy = C4EB176E13F5FE9700BFB45C /* PBXContainerItemProxy */;
		};
/* End PBXTargetDependency section */

/* Begin PBXVariantGroup section */
		C4EB177313F5FE9800BFB45C /* InfoPlist.strings */ = {
			isa = PBXVariantGroup;
			children = (
				C4EB177413F5FE9800BFB45C /* en */,
			);
			name = InfoPlist.strings;
			sourceTree = "<group>";
		};
		C4EB177A13F5FE9800BFB45C /* MainMenu.xib */ = {
			isa = PBXVariantGroup;
			children = (
				C4EB177B13F5FE9800BFB45C /* en */,
			);
			name = MainMenu.xib;
			sourceTree = "<group>";
		};
/* End PBXVariantGroup section */

/* Begin XCBuildConfiguration section */
		C4EB178213F5FE9800BFB45C /* Debug */ = {
			isa = XCBuildConfiguration;
			buildSettings = {
				ALWAYS_SEARCH_USER_PATHS = NO;
				ARCHS = "$(ARCHS_STANDARD_64_BIT)";
				COPY_PHASE_STRIP = NO;
				GCC_C_LANGUAGE_STANDARD = gnu99;
				GCC_DYNAMIC_NO_PIC = NO;
				GCC_ENABLE_OBJC_EXCEPTIONS = YES;
				GCC_OPTIMIZATION_LEVEL = 0;
				GCC_PREPROCESSOR_DEFINITIONS = (
					"DEBUG=1",
					"$(inherited)",
				);
				GCC_SYMBOLS_PRIVATE_EXTERN = NO;
				GCC_VERSION = com.apple.compilers.llvm.clang.1_0;
				GCC_WARN_64_TO_32_BIT_CONVERSION = YES;
				GCC_WARN_ABOUT_MISSING_PROTOTYPES = YES;
				GCC_WARN_ABOUT_RETURN_TYPE = YES;
				GCC_WARN_UNUSED_VARIABLE = YES;
				MACOSX_DEPLOYMENT_TARGET = 10.7;
				ONLY_ACTIVE_ARCH = YES;
				PRODUCT_NAME = RailsMailPreview;
				SDKROOT = macosx;
			};
			name = Debug;
		};
		C4EB178313F5FE9800BFB45C /* Release */ = {
			isa = XCBuildConfiguration;
			buildSettings = {
				ALWAYS_SEARCH_USER_PATHS = NO;
				ARCHS = "$(ARCHS_STANDARD_64_BIT)";
				COPY_PHASE_STRIP = YES;
				DEBUG_INFORMATION_FORMAT = "dwarf-with-dsym";
				GCC_C_LANGUAGE_STANDARD = gnu99;
				GCC_ENABLE_OBJC_EXCEPTIONS = YES;
				GCC_VERSION = com.apple.compilers.llvm.clang.1_0;
				GCC_WARN_64_TO_32_BIT_CONVERSION = YES;
				GCC_WARN_ABOUT_MISSING_PROTOTYPES = YES;
				GCC_WARN_ABOUT_RETURN_TYPE = YES;
				GCC_WARN_UNUSED_VARIABLE = YES;
				MACOSX_DEPLOYMENT_TARGET = 10.7;
				PRODUCT_NAME = RailsMailPreview;
				SDKROOT = macosx;
			};
			name = Release;
		};
		C4EB178513F5FE9800BFB45C /* Debug */ = {
			isa = XCBuildConfiguration;
			buildSettings = {
				ARCHS = x86_64;
				FRAMEWORK_SEARCH_PATHS = (
					"$(inherited)",
					"\"$(DEVELOPER_FRAMEWORKS_DIR)\"",
				);
				GCC_ENABLE_OBJC_GC = required;
				GCC_PRECOMPILE_PREFIX_HEADER = YES;
				GCC_PREFIX_HEADER = "RailsMailPreview/RailsMailPreview-Prefix.pch";
				INFOPLIST_FILE = "RailsMailPreview/RailsMailPreview-Info.plist";
				PRODUCT_NAME = "$(TARGET_NAME)";
				WRAPPER_EXTENSION = app;
			};
			name = Debug;
		};
		C4EB178613F5FE9800BFB45C /* Release */ = {
			isa = XCBuildConfiguration;
			buildSettings = {
				ARCHS = x86_64;
				FRAMEWORK_SEARCH_PATHS = (
					"$(inherited)",
					"\"$(DEVELOPER_FRAMEWORKS_DIR)\"",
				);
				GCC_ENABLE_OBJC_GC = required;
				GCC_PRECOMPILE_PREFIX_HEADER = YES;
				GCC_PREFIX_HEADER = "RailsMailPreview/RailsMailPreview-Prefix.pch";
				INFOPLIST_FILE = "RailsMailPreview/RailsMailPreview-Info.plist";
				PRODUCT_NAME = "$(TARGET_NAME)";
				WRAPPER_EXTENSION = app;
			};
			name = Release;
		};
		C4EB178813F5FE9800BFB45C /* Debug */ = {
			isa = XCBuildConfiguration;
			buildSettings = {
			};
			name = Debug;
		};
		C4EB178913F5FE9800BFB45C /* Release */ = {
			isa = XCBuildConfiguration;
			buildSettings = {
			};
			name = Release;
		};
		C4EB17B313F6089E00BFB45C /* Debug */ = {
			isa = XCBuildConfiguration;
			buildSettings = {
				ARCHS = x86_64;
				FRAMEWORK_SEARCH_PATHS = (
					"$(inherited)",
					"\"$(DEVELOPER_FRAMEWORKS_DIR)\"",
				);
				GCC_ENABLE_OBJC_GC = required;
				GCC_PRECOMPILE_PREFIX_HEADER = YES;
				GCC_PREFIX_HEADER = "RailsMailPreview/RailsMailPreview-Prefix.pch";
				INFOPLIST_FILE = "RailsMailPreview copy-Info.plist";
				PRODUCT_NAME = RailsMailPreview;
				WRAPPER_EXTENSION = app;
			};
			name = Debug;
		};
		C4EB17B413F6089E00BFB45C /* Release */ = {
			isa = XCBuildConfiguration;
			buildSettings = {
				ARCHS = x86_64;
				FRAMEWORK_SEARCH_PATHS = (
					"$(inherited)",
					"\"$(DEVELOPER_FRAMEWORKS_DIR)\"",
				);
				GCC_ENABLE_OBJC_GC = required;
				GCC_PRECOMPILE_PREFIX_HEADER = YES;
				GCC_PREFIX_HEADER = "RailsMailPreview/RailsMailPreview-Prefix.pch";
				INFOPLIST_FILE = "RailsMailPreview copy-Info.plist";
				PRODUCT_NAME = RailsMailPreview;
				WRAPPER_EXTENSION = app;
			};
			name = Release;
		};
/* End XCBuildConfiguration section */

/* Begin XCConfigurationList section */
		C4EB175F13F5FE9700BFB45C /* Build configuration list for PBXProject "RailsMailPreview" */ = {
			isa = XCConfigurationList;
			buildConfigurations = (
				C4EB178213F5FE9800BFB45C /* Debug */,
				C4EB178313F5FE9800BFB45C /* Release */,
			);
			defaultConfigurationIsVisible = 0;
			defaultConfigurationName = Release;
		};
		C4EB178413F5FE9800BFB45C /* Build configuration list for PBXNativeTarget "RailsMailPreview" */ = {
			isa = XCConfigurationList;
			buildConfigurations = (
				C4EB178513F5FE9800BFB45C /* Debug */,
				C4EB178613F5FE9800BFB45C /* Release */,
			);
			defaultConfigurationIsVisible = 0;
			defaultConfigurationName = Release;
		};
		C4EB178713F5FE9800BFB45C /* Build configuration list for PBXLegacyTarget "Deployment" */ = {
			isa = XCConfigurationList;
			buildConfigurations = (
				C4EB178813F5FE9800BFB45C /* Debug */,
				C4EB178913F5FE9800BFB45C /* Release */,
			);
			defaultConfigurationIsVisible = 0;
			defaultConfigurationName = Release;
		};
		C4EB17B213F6089E00BFB45C /* Build configuration list for PBXNativeTarget "Workaround" */ = {
			isa = XCConfigurationList;
			buildConfigurations = (
				C4EB17B313F6089E00BFB45C /* Debug */,
				C4EB17B413F6089E00BFB45C /* Release */,
			);
			defaultConfigurationIsVisible = 0;
			defaultConfigurationName = Release;
		};
/* End XCConfigurationList section */
	};
	rootObject = C4EB175C13F5FE9700BFB45C /* Project object */;
}
